{
  "name": "example",
  "version": "1.0.0",
  "lockfileVersion": 3,
  "requires": true,
  "packages": {
    "": {
      "name": "example",
      "version": "1.0.0",
      "license": "ISC",
      "dependencies": {
        "thasa-wallet-interface": "../"
      }
    },
    "..": {
      "version": "1.0.0",
      "license": "ISC",
      "dependencies": {
        "axios": "^1.7.2",
        "http-errors": "^2.0.0"
      },
      "devDependencies": {
        "@types/axios": "^0.14.0",
        "@types/eslint": "^8.56.10",
        "@types/http-errors": "^2.0.4",
        "@types/node": "^20.14.10",
        "@typescript-eslint/eslint-plugin": "^7.16.0",
        "@typescript-eslint/parser": "^7.16.0",
        "eslint": "^8.57.0",
        "ts-loader": "^9.5.1",
        "ts-node": "^10.9.2",
        "typescript": "^5.5.3",
        "typescript-eslint": "^7.16.0",
        "webpack": "^5.92.1",
        "webpack-cli": "^5.1.4"
      }
    },
    "node_modules/thasa-wallet-interface": {
      "resolved": "..",
      "link": true
    }
  }
}
